github.com/Masterminds/goutils v1.0.1 h1:upyB/JGR/aPHTE3f4O3mBIbJCr7aPup+/03IS4aXU6Y=
github.com/Masterminds/goutils v1.0.1/go.mod h1:8cTjp+g8YejhMuvIA5y2vz3BpJxksy863GQaJW2MFNU=
github.com/ahmdrz/goinsta v0.0.0-20190729052829-bf558a94ed9d h1:a9WkfI+kd9zEhI0KDPgRMjQNgkFSs/4GudnkHppTwAA=
github.com/ahmdrz/goinsta v0.0.0-20190729052829-bf558a94ed9d/go.mod h1:ZDXgVWGZMWUpg9hZx5gmPmo4/XjT3vE3xFt7EG079NQ=
github.com/ahmdrz/goinsta/v2 v2.4.1-0.20190323085700-ffd9e29a313a h1:lvtGW57Exf0L6PtsPNkKRIW9oY6bxPqVx1zr8KYTtfM=
github.com/ahmdrz/goinsta/v2 v2.4.1-0.20190323085700-ffd9e29a313a/go.mod h1:M6/Tnc41f4gn+rl9HxFaNY1c6Px5zQWHgyY6S/wSZFs=
github.com/ahmdrz/goinsta/v2 v2.4.1-0.20190510152949-903ea3101245 h1:W4UU/mMm1UKBCb0a+XpWPsVi3GB3aTiA1UlkwTR+VLU=
github.com/ahmdrz/goinsta/v2 v2.4.1-0.20190510152949-903ea3101245/go.mod h1:M6/Tnc41f4gn+rl9HxFaNY1c6Px5zQWHgyY6S/wSZFs=
github.com/certifi/gocertifi v0.0.0-20180118203423-deb3ae2ef261 h1:6/yVvBsKeAw05IUj4AzvrxaCnDjN4nUqKjW9+w5wixg=
github.com/certifi/gocertifi v0.0.0-20180118203423-deb3ae2ef261/go.mod h1:GJKEexRPVJrBSOjoqN5VNOIKJ5Q3RViH6eu3puDRwx4=
github.com/getsentry/raven-go v0.0.0-20180319154601-7562301a6763 h1:hHg8bhpQT8qI9LNuz//aNIs7sleRfxb4flXYu95lx7U=
github.com/getsentry/raven-go v0.0.0-20180319154601-7562301a6763/go.mod h1:KungGk8q33+aIAZUIVWZDr2OfAEBsO49PX4NzFV5kcQ=
github.com/getsentry/raven-go v0.2.0 h1:no+xWJRb5ZI7eE8TWgIq1jLulQiIoLG0IfYxv5JYMGs=
github.com/getsentry/raven-go v0.2.0/go.mod h1:KungGk8q33+aIAZUIVWZDr2OfAEBsO49PX4NzFV5kcQ=
github.com/gorilla/feeds v1.1.0 h1:pcgLJhbdYgaUESnj3AmXPcB7cS3vy63+jC/TI14AGXk=
github.com/gorilla/feeds v1.1.0/go.mod h1:Nk0jZrvPFZX1OBe5NPiddPw7CfwF6Q9eqzaBbaightA=
github.com/gorilla/feeds v1.1.1-0.20190321233042-2079b9bbce59 h1:QPsOLFscpHFlsZJdjgIM/b0T2f+oNnS91zDllaXyeQQ=
github.com/gorilla/feeds v1.1.1-0.20190321233042-2079b9bbce59/go.mod h1:Nk0jZrvPFZX1OBe5NPiddPw7CfwF6Q9eqzaBbaightA=
github.com/gorilla/feeds v1.1.1 h1:HwKXxqzcRNg9to+BbvJog4+f3s/xzvtZXICcQGutYfY=
github.com/gorilla/feeds v1.1.1/go.mod h1:Nk0jZrvPFZX1OBe5NPiddPw7CfwF6Q9eqzaBbaightA=
github.com/pkg/errors v0.0.0-20180311214515-816c9085562c h1:F5RoIh7F9wB47PvXvpP1+Ihq1TkyC8iRdvwfKkESEZQ=
github.com/pkg/errors v0.0.0-20180311214515-816c9085562c/go.mod h1:bwawxfHBFNV+L2hUp1rHADufV3IMtnDRdf1r5NINEl0=
github.com/pkg/errors v0.8.1 h1:iURUrRGxPUNPdy5/HRSm+Yj6okJ6UtLINN0Q9M4+h3I=
github.com/pkg/errors v0.8.1/go.mod h1:bwawxfHBFNV+L2hUp1rHADufV3IMtnDRdf1r5NINEl0=
