github.com/Masterminds/goutils v1.0.1 h1:upyB/JGR/aPHTE3f4O3mBIbJCr7aPup+/03IS4aXU6Y=
github.com/Masterminds/goutils v1.0.1/go.mod h1:8cTjp+g8YejhMuvIA5y2vz3BpJxksy863GQaJW2MFNU=
github.com/ahmdrz/goinsta v0.0.0-20180326185438-f53fe58fa08b h1:RqPmkKYjRpATSlRYEG4m7kJ4K2K/ojXzRiV3qt9AqVM=
github.com/ahmdrz/goinsta v0.0.0-20180326185438-f53fe58fa08b/go.mod h1:qc70+iP3C8qQ8jIrx+sVZ9C1LOSqjXauchRhB5sK+Us=
github.com/certifi/gocertifi v0.0.0-20180118203423-deb3ae2ef261 h1:6/yVvBsKeAw05IUj4AzvrxaCnDjN4nUqKjW9+w5wixg=
github.com/certifi/gocertifi v0.0.0-20180118203423-deb3ae2ef261/go.mod h1:GJKEexRPVJrBSOjoqN5VNOIKJ5Q3RViH6eu3puDRwx4=
github.com/getsentry/raven-go v0.0.0-20180319154601-7562301a6763 h1:hHg8bhpQT8qI9LNuz//aNIs7sleRfxb4flXYu95lx7U=
github.com/getsentry/raven-go v0.0.0-20180319154601-7562301a6763/go.mod h1:KungGk8q33+aIAZUIVWZDr2OfAEBsO49PX4NzFV5kcQ=
github.com/getsentry/raven-go v0.2.0 h1:no+xWJRb5ZI7eE8TWgIq1jLulQiIoLG0IfYxv5JYMGs=
github.com/getsentry/raven-go v0.2.0/go.mod h1:KungGk8q33+aIAZUIVWZDr2OfAEBsO49PX4NzFV5kcQ=
github.com/gorilla/feeds v1.1.0 h1:pcgLJhbdYgaUESnj3AmXPcB7cS3vy63+jC/TI14AGXk=
github.com/gorilla/feeds v1.1.0/go.mod h1:Nk0jZrvPFZX1OBe5NPiddPw7CfwF6Q9eqzaBbaightA=
github.com/pkg/errors v0.0.0-20180311214515-816c9085562c h1:F5RoIh7F9wB47PvXvpP1+Ihq1TkyC8iRdvwfKkESEZQ=
github.com/pkg/errors v0.0.0-20180311214515-816c9085562c/go.mod h1:bwawxfHBFNV+L2hUp1rHADufV3IMtnDRdf1r5NINEl0=
